PODS:
  - InputMask (4.0.0)
  - JTAppleCalendar (7.1.6)

DEPENDENCIES:
  - InputMask
  - JTAppleCalendar

SPEC REPOS:
  https://github.com/cocoapods/specs.git:
    - InputMask
    - JTAppleCalendar

SPEC CHECKSUMS:
  InputMask: e3fe4ee45ce70241fd76684c1e9d6f98e1492eab
  JTAppleCalendar: abb30678f42a4ef8a340a932b1dcb8c85a33dac2

PODFILE CHECKSUM: 5dfd9cb285d14105e0807accb17260889df71f45

COCOAPODS: 1.5.3
