PODS:
  - EmeraldComponents (0.1.5):
    - InputMask
    - JTAppleCalendar
  - InputMask (4.0.0)
  - JTAppleCalendar (7.1.5)
  - SimulatorStatusMagic (2.2)

DEPENDENCIES:
  - EmeraldComponents (from `..`)
  - SimulatorStatusMagic (= 2.2)

SPEC REPOS:
  https://github.com/cocoapods/specs.git:
    - InputMask
    - JTAppleCalendar
    - SimulatorStatusMagic

EXTERNAL SOURCES:
  EmeraldComponents:
    :path: ".."

SPEC CHECKSUMS:
  EmeraldComponents: e85382d54e13933bef08c9f851a89c4200cb4a06
  InputMask: e3fe4ee45ce70241fd76684c1e9d6f98e1492eab
  JTAppleCalendar: 2d4f974f9f3c8b4964d51ca1f6e004883c031fbe
  SimulatorStatusMagic: 0389a805fa8bd001e2977c4046730bdbd6642861

PODFILE CHECKSUM: 05585fc0ae810b5710ffa00ed56b62c1713dc6d7

COCOAPODS: 1.5.3
