PODS:
  - EmeraldComponents (0.1.6):
    - InputMask
    - JTAppleCalendar
  - InputMask (4.0.1)
  - JTAppleCalendar (7.1.6)

DEPENDENCIES:
  - EmeraldComponents (from `..`)

SPEC REPOS:
  https://github.com/cocoapods/specs.git:
    - InputMask
    - JTAppleCalendar

EXTERNAL SOURCES:
  EmeraldComponents:
    :path: ".."

SPEC CHECKSUMS:
  EmeraldComponents: 757ccbaf371c596141a708ff06cf7dc01133d731
  InputMask: 2eb0dd868885f5ba061db2640db0b17265bb95eb
  JTAppleCalendar: abb30678f42a4ef8a340a932b1dcb8c85a33dac2

PODFILE CHECKSUM: 7dd2f04485c6b34592611564851b8a05a8682b1a

COCOAPODS: 1.5.3
