PODS:
  - EmeraldComponents (0.1.4):
    - InputMask
    - JTAppleCalendar
  - InputMask (4.0.0)
  - JTAppleCalendar (7.1.6)
  - SimulatorStatusMagic (2.2)

DEPENDENCIES:
  - EmeraldComponents (from `..`)
  - SimulatorStatusMagic (= 2.2)

SPEC REPOS:
  https://github.com/cocoapods/specs.git:
    - InputMask
    - JTAppleCalendar
    - SimulatorStatusMagic

EXTERNAL SOURCES:
  EmeraldComponents:
    :path: ".."

SPEC CHECKSUMS:
  EmeraldComponents: 04ccba78ed9d17d62ac317eb46acad9b14cfa474
  InputMask: e3fe4ee45ce70241fd76684c1e9d6f98e1492eab
  JTAppleCalendar: abb30678f42a4ef8a340a932b1dcb8c85a33dac2
  SimulatorStatusMagic: 0389a805fa8bd001e2977c4046730bdbd6642861

PODFILE CHECKSUM: b75762fafd0a1a45071bf18ae910831468a93343

COCOAPODS: 1.5.3
