// !$*UTF8*$!
{
	archiveVersion = 1;
	classes = {
	};
	objectVersion = 50;
	objects = {

/* Begin PBXBuildFile section */
		19DF0A0C511C7130557B3BFC /* Pods_EmeraldComponentsApp.framework in Frameworks */ = {isa = PBXBuildFile; fileRef = 13A51CF00BDB2ED87A99A7C8 /* Pods_EmeraldComponentsApp.framework */; };
		6D5C74CD06C433383778EA4C /* Pods_EmeraldComponentsAppUITests.framework in Frameworks */ = {isa = PBXBuildFile; fileRef = 24ED46B5567A3B442E3D000F /* Pods_EmeraldComponentsAppUITests.framework */; };
		A21963F62181050A0038450D /* LabelUITests.swift in Sources */ = {isa = PBXBuildFile; fileRef = A21963F52181050A0038450D /* LabelUITests.swift */; };
		A23413DB2147122A009DC2FC /* Assets.xcassets in Resources */ = {isa = PBXBuildFile; fileRef = A23413C32147122A009DC2FC /* Assets.xcassets */; };
		A23413DC2147122A009DC2FC /* LaunchScreen.storyboard in Resources */ = {isa = PBXBuildFile; fileRef = A23413C42147122A009DC2FC /* LaunchScreen.storyboard */; };
		A23413DE2147122A009DC2FC /* AppDelegate.swift in Sources */ = {isa = PBXBuildFile; fileRef = A23413C82147122A009DC2FC /* AppDelegate.swift */; };
		A23413E02147122A009DC2FC /* MainViewController.swift in Sources */ = {isa = PBXBuildFile; fileRef = A23413CA2147122A009DC2FC /* MainViewController.swift */; };
		A23413E12147122A009DC2FC /* Main.storyboard in Resources */ = {isa = PBXBuildFile; fileRef = A23413CB2147122A009DC2FC /* Main.storyboard */; };
		A23413E22147122A009DC2FC /* Buttons.storyboard in Resources */ = {isa = PBXBuildFile; fileRef = A23413CF2147122A009DC2FC /* Buttons.storyboard */; };
		A23413E52147122A009DC2FC /* InputTableViewController.swift in Sources */ = {isa = PBXBuildFile; fileRef = A23413D42147122A009DC2FC /* InputTableViewController.swift */; };
		A23413E62147122A009DC2FC /* Input.storyboard in Resources */ = {isa = PBXBuildFile; fileRef = A23413D52147122A009DC2FC /* Input.storyboard */; };
		A23413E82147122A009DC2FC /* PickerView.storyboard in Resources */ = {isa = PBXBuildFile; fileRef = A23413D82147122A009DC2FC /* PickerView.storyboard */; };
		A23E8AC92148377C00933AC1 /* InputUITests+CNPJ.swift in Sources */ = {isa = PBXBuildFile; fileRef = A23E8AC82148377C00933AC1 /* InputUITests+CNPJ.swift */; };
		A23E8ACB21483A5F00933AC1 /* InputUITests+CPF.swift in Sources */ = {isa = PBXBuildFile; fileRef = A23E8ACA21483A5F00933AC1 /* InputUITests+CPF.swift */; };
		A23E8ACD2148407000933AC1 /* InputUITests+Phone.swift in Sources */ = {isa = PBXBuildFile; fileRef = A23E8ACC2148407000933AC1 /* InputUITests+Phone.swift */; };
		A23E8ACF2148440D00933AC1 /* InputUITests+CEP.swift in Sources */ = {isa = PBXBuildFile; fileRef = A23E8ACE2148440D00933AC1 /* InputUITests+CEP.swift */; };
		A23E8AD12148452900933AC1 /* InputUITests+Custom.swift in Sources */ = {isa = PBXBuildFile; fileRef = A23E8AD02148452900933AC1 /* InputUITests+Custom.swift */; };
		A23E8AD321484AE000933AC1 /* InputUITests+Currency.swift in Sources */ = {isa = PBXBuildFile; fileRef = A23E8AD221484AE000933AC1 /* InputUITests+Currency.swift */; };
		A23E8AD521484C9D00933AC1 /* InputUITests+Email.swift in Sources */ = {isa = PBXBuildFile; fileRef = A23E8AD421484C9D00933AC1 /* InputUITests+Email.swift */; };
		A23E8AD72148527000933AC1 /* InputUITests+Password.swift in Sources */ = {isa = PBXBuildFile; fileRef = A23E8AD62148527000933AC1 /* InputUITests+Password.swift */; };
		A23E8AD921485BC800933AC1 /* InputUITests+Disabled.swift in Sources */ = {isa = PBXBuildFile; fileRef = A23E8AD821485BC800933AC1 /* InputUITests+Disabled.swift */; };
		A23E8ADC214863A500933AC1 /* PickerUITests.swift in Sources */ = {isa = PBXBuildFile; fileRef = A23E8ADB214863A500933AC1 /* PickerUITests.swift */; };
		A23E8AE2214868C600933AC1 /* PickerTableViewController.swift in Sources */ = {isa = PBXBuildFile; fileRef = A23E8AE1214868C600933AC1 /* PickerTableViewController.swift */; };
		A23E8AE52148696F00933AC1 /* PickerData.swift in Sources */ = {isa = PBXBuildFile; fileRef = A23E8AE42148696F00933AC1 /* PickerData.swift */; };
		A23E8AEB2149A97C00933AC1 /* DateRangePickerViewUITests+RangeViewToday.swift in Sources */ = {isa = PBXBuildFile; fileRef = A23E8AEA2149A97C00933AC1 /* DateRangePickerViewUITests+RangeViewToday.swift */; };
		A23E8AEE2149AA8A00933AC1 /* DateRangePickerViewUITests.swift in Sources */ = {isa = PBXBuildFile; fileRef = A23E8AED2149AA8A00933AC1 /* DateRangePickerViewUITests.swift */; };
		A23E8AF32149AC5C00933AC1 /* DateRangePickerView.storyboard in Resources */ = {isa = PBXBuildFile; fileRef = A23E8AF22149AC5C00933AC1 /* DateRangePickerView.storyboard */; };
		A23E8AF52149ACBC00933AC1 /* DateRangePickerTableViewController.swift in Sources */ = {isa = PBXBuildFile; fileRef = A23E8AF42149ACBC00933AC1 /* DateRangePickerTableViewController.swift */; };
		A247661221BACB8300C8E241 /* Card.storyboard in Resources */ = {isa = PBXBuildFile; fileRef = A247661121BACB8300C8E241 /* Card.storyboard */; };
		A247661821BAF5BE00C8E241 /* CardViewController.swift in Sources */ = {isa = PBXBuildFile; fileRef = A247661721BAF5BE00C8E241 /* CardViewController.swift */; };
		A247661C21BB0C0000C8E241 /* CustomStoneCollectionViewCell.swift in Sources */ = {isa = PBXBuildFile; fileRef = A247661A21BB0C0000C8E241 /* CustomStoneCollectionViewCell.swift */; };
		A247661D21BB0C0000C8E241 /* CustomStoneCollectionViewCell.xib in Resources */ = {isa = PBXBuildFile; fileRef = A247661B21BB0C0000C8E241 /* CustomStoneCollectionViewCell.xib */; };
		A24C272621BFD1A600B65722 /* CustomEqualsCollectionViewCell.swift in Sources */ = {isa = PBXBuildFile; fileRef = A24C272421BFD1A500B65722 /* CustomEqualsCollectionViewCell.swift */; };
		A24C272721BFD1A600B65722 /* CustomEqualsCollectionViewCell.xib in Resources */ = {isa = PBXBuildFile; fileRef = A24C272521BFD1A500B65722 /* CustomEqualsCollectionViewCell.xib */; };
		A2C95318217E50C0000073E2 /* Label.storyboard in Resources */ = {isa = PBXBuildFile; fileRef = A2C95317217E50C0000073E2 /* Label.storyboard */; };
		A2C9531E217F6E25000073E2 /* LabelTableViewController.swift in Sources */ = {isa = PBXBuildFile; fileRef = A2C9531D217F6E25000073E2 /* LabelTableViewController.swift */; };
		A2C9B4FB21471B1700634344 /* InputUITests.swift in Sources */ = {isa = PBXBuildFile; fileRef = A2C9B4FA21471B1700634344 /* InputUITests.swift */; };
		A2E64BBA21503DFF00FD1937 /* AttachmentHelper.swift in Sources */ = {isa = PBXBuildFile; fileRef = A2E64BB921503DFF00FD1937 /* AttachmentHelper.swift */; };
		A2E64BC021516E0000FD1937 /* SnapshotHelper.swift in Sources */ = {isa = PBXBuildFile; fileRef = A2E64BBF21516E0000FD1937 /* SnapshotHelper.swift */; };
		A2F251F22176752500D148C2 /* String.swift in Sources */ = {isa = PBXBuildFile; fileRef = A2F251F12176752500D148C2 /* String.swift */; };
/* End PBXBuildFile section */

/* Begin PBXContainerItemProxy section */
		A2C9B4FD21471B1700634344 /* PBXContainerItemProxy */ = {
			isa = PBXContainerItemProxy;
			containerPortal = A234139621471174009DC2FC /* Project object */;
			proxyType = 1;
			remoteGlobalIDString = A234139D21471174009DC2FC;
			remoteInfo = EmeraldComponentsApp;
		};
/* End PBXContainerItemProxy section */

/* Begin PBXFileReference section */
		1036147BA2A93846EE5865F9 /* Pods-EmeraldComponentsAppUITests.debug.xcconfig */ = {isa = PBXFileReference; includeInIndex = 1; lastKnownFileType = text.xcconfig; name = "Pods-EmeraldComponentsAppUITests.debug.xcconfig"; path = "Pods/Target Support Files/Pods-EmeraldComponentsAppUITests/Pods-EmeraldComponentsAppUITests.debug.xcconfig"; sourceTree = "<group>"; };
		13A51CF00BDB2ED87A99A7C8 /* Pods_EmeraldComponentsApp.framework */ = {isa = PBXFileReference; explicitFileType = wrapper.framework; includeInIndex = 0; path = Pods_EmeraldComponentsApp.framework; sourceTree = BUILT_PRODUCTS_DIR; };
		24ED46B5567A3B442E3D000F /* Pods_EmeraldComponentsAppUITests.framework */ = {isa = PBXFileReference; explicitFileType = wrapper.framework; includeInIndex = 0; path = Pods_EmeraldComponentsAppUITests.framework; sourceTree = BUILT_PRODUCTS_DIR; };
		A21963F52181050A0038450D /* LabelUITests.swift */ = {isa = PBXFileReference; lastKnownFileType = sourcecode.swift; path = LabelUITests.swift; sourceTree = "<group>"; };
		A234139E21471174009DC2FC /* EmeraldComponentsApp.app */ = {isa = PBXFileReference; explicitFileType = wrapper.application; includeInIndex = 0; path = EmeraldComponentsApp.app; sourceTree = BUILT_PRODUCTS_DIR; };
		A23413C32147122A009DC2FC /* Assets.xcassets */ = {isa = PBXFileReference; lastKnownFileType = folder.assetcatalog; path = Assets.xcassets; sourceTree = "<group>"; };
		A23413C52147122A009DC2FC /* Base */ = {isa = PBXFileReference; lastKnownFileType = file.storyboard; name = Base; path = Base.lproj/LaunchScreen.storyboard; sourceTree = "<group>"; };
		A23413C82147122A009DC2FC /* AppDelegate.swift */ = {isa = PBXFileReference; fileEncoding = 4; lastKnownFileType = sourcecode.swift; path = AppDelegate.swift; sourceTree = "<group>"; };
		A23413C92147122A009DC2FC /* Info.plist */ = {isa = PBXFileReference; fileEncoding = 4; lastKnownFileType = text.plist.xml; path = Info.plist; sourceTree = "<group>"; };
		A23413CA2147122A009DC2FC /* MainViewController.swift */ = {isa = PBXFileReference; fileEncoding = 4; lastKnownFileType = sourcecode.swift; path = MainViewController.swift; sourceTree = "<group>"; };
		A23413CC2147122A009DC2FC /* Base */ = {isa = PBXFileReference; lastKnownFileType = file.storyboard; name = Base; path = Base.lproj/Main.storyboard; sourceTree = "<group>"; };
		A23413CF2147122A009DC2FC /* Buttons.storyboard */ = {isa = PBXFileReference; fileEncoding = 4; lastKnownFileType = file.storyboard; path = Buttons.storyboard; sourceTree = "<group>"; };
		A23413D42147122A009DC2FC /* InputTableViewController.swift */ = {isa = PBXFileReference; fileEncoding = 4; lastKnownFileType = sourcecode.swift; path = InputTableViewController.swift; sourceTree = "<group>"; };
		A23413D52147122A009DC2FC /* Input.storyboard */ = {isa = PBXFileReference; fileEncoding = 4; lastKnownFileType = file.storyboard; path = Input.storyboard; sourceTree = "<group>"; };
		A23413D82147122A009DC2FC /* PickerView.storyboard */ = {isa = PBXFileReference; fileEncoding = 4; lastKnownFileType = file.storyboard; path = PickerView.storyboard; sourceTree = "<group>"; };
		A23E8AC82148377C00933AC1 /* InputUITests+CNPJ.swift */ = {isa = PBXFileReference; lastKnownFileType = sourcecode.swift; path = "InputUITests+CNPJ.swift"; sourceTree = "<group>"; };
		A23E8ACA21483A5F00933AC1 /* InputUITests+CPF.swift */ = {isa = PBXFileReference; lastKnownFileType = sourcecode.swift; path = "InputUITests+CPF.swift"; sourceTree = "<group>"; };
		A23E8ACC2148407000933AC1 /* InputUITests+Phone.swift */ = {isa = PBXFileReference; lastKnownFileType = sourcecode.swift; path = "InputUITests+Phone.swift"; sourceTree = "<group>"; };
		A23E8ACE2148440D00933AC1 /* InputUITests+CEP.swift */ = {isa = PBXFileReference; lastKnownFileType = sourcecode.swift; path = "InputUITests+CEP.swift"; sourceTree = "<group>"; };
		A23E8AD02148452900933AC1 /* InputUITests+Custom.swift */ = {isa = PBXFileReference; lastKnownFileType = sourcecode.swift; path = "InputUITests+Custom.swift"; sourceTree = "<group>"; };
		A23E8AD221484AE000933AC1 /* InputUITests+Currency.swift */ = {isa = PBXFileReference; lastKnownFileType = sourcecode.swift; path = "InputUITests+Currency.swift"; sourceTree = "<group>"; };
		A23E8AD421484C9D00933AC1 /* InputUITests+Email.swift */ = {isa = PBXFileReference; lastKnownFileType = sourcecode.swift; path = "InputUITests+Email.swift"; sourceTree = "<group>"; };
		A23E8AD62148527000933AC1 /* InputUITests+Password.swift */ = {isa = PBXFileReference; lastKnownFileType = sourcecode.swift; path = "InputUITests+Password.swift"; sourceTree = "<group>"; };
		A23E8AD821485BC800933AC1 /* InputUITests+Disabled.swift */ = {isa = PBXFileReference; lastKnownFileType = sourcecode.swift; path = "InputUITests+Disabled.swift"; sourceTree = "<group>"; };
		A23E8ADB214863A500933AC1 /* PickerUITests.swift */ = {isa = PBXFileReference; lastKnownFileType = sourcecode.swift; path = PickerUITests.swift; sourceTree = "<group>"; };
		A23E8AE1214868C600933AC1 /* PickerTableViewController.swift */ = {isa = PBXFileReference; lastKnownFileType = sourcecode.swift; path = PickerTableViewController.swift; sourceTree = "<group>"; };
		A23E8AE42148696F00933AC1 /* PickerData.swift */ = {isa = PBXFileReference; lastKnownFileType = sourcecode.swift; path = PickerData.swift; sourceTree = "<group>"; };
		A23E8AEA2149A97C00933AC1 /* DateRangePickerViewUITests+RangeViewToday.swift */ = {isa = PBXFileReference; lastKnownFileType = sourcecode.swift; path = "DateRangePickerViewUITests+RangeViewToday.swift"; sourceTree = "<group>"; };
		A23E8AED2149AA8A00933AC1 /* DateRangePickerViewUITests.swift */ = {isa = PBXFileReference; lastKnownFileType = sourcecode.swift; path = DateRangePickerViewUITests.swift; sourceTree = "<group>"; };
		A23E8AF22149AC5C00933AC1 /* DateRangePickerView.storyboard */ = {isa = PBXFileReference; lastKnownFileType = file.storyboard; path = DateRangePickerView.storyboard; sourceTree = "<group>"; };
		A23E8AF42149ACBC00933AC1 /* DateRangePickerTableViewController.swift */ = {isa = PBXFileReference; lastKnownFileType = sourcecode.swift; path = DateRangePickerTableViewController.swift; sourceTree = "<group>"; };
		A247661121BACB8300C8E241 /* Card.storyboard */ = {isa = PBXFileReference; lastKnownFileType = file.storyboard; path = Card.storyboard; sourceTree = "<group>"; };
		A247661721BAF5BE00C8E241 /* CardViewController.swift */ = {isa = PBXFileReference; lastKnownFileType = sourcecode.swift; path = CardViewController.swift; sourceTree = "<group>"; };
		A247661A21BB0C0000C8E241 /* CustomStoneCollectionViewCell.swift */ = {isa = PBXFileReference; lastKnownFileType = sourcecode.swift; path = CustomStoneCollectionViewCell.swift; sourceTree = "<group>"; };
		A247661B21BB0C0000C8E241 /* CustomStoneCollectionViewCell.xib */ = {isa = PBXFileReference; lastKnownFileType = file.xib; path = CustomStoneCollectionViewCell.xib; sourceTree = "<group>"; };
		A24C272421BFD1A500B65722 /* CustomEqualsCollectionViewCell.swift */ = {isa = PBXFileReference; fileEncoding = 4; lastKnownFileType = sourcecode.swift; path = CustomEqualsCollectionViewCell.swift; sourceTree = "<group>"; };
		A24C272521BFD1A500B65722 /* CustomEqualsCollectionViewCell.xib */ = {isa = PBXFileReference; fileEncoding = 4; lastKnownFileType = file.xib; path = CustomEqualsCollectionViewCell.xib; sourceTree = "<group>"; };
		A2C95317217E50C0000073E2 /* Label.storyboard */ = {isa = PBXFileReference; lastKnownFileType = file.storyboard; path = Label.storyboard; sourceTree = "<group>"; };
		A2C9531D217F6E25000073E2 /* LabelTableViewController.swift */ = {isa = PBXFileReference; lastKnownFileType = sourcecode.swift; path = LabelTableViewController.swift; sourceTree = "<group>"; };
		A2C9B4F821471B1700634344 /* EmeraldComponentsAppUITests.xctest */ = {isa = PBXFileReference; explicitFileType = wrapper.cfbundle; includeInIndex = 0; path = EmeraldComponentsAppUITests.xctest; sourceTree = BUILT_PRODUCTS_DIR; };
		A2C9B4FA21471B1700634344 /* InputUITests.swift */ = {isa = PBXFileReference; lastKnownFileType = sourcecode.swift; path = InputUITests.swift; sourceTree = "<group>"; };
		A2C9B4FC21471B1700634344 /* Info.plist */ = {isa = PBXFileReference; lastKnownFileType = text.plist.xml; path = Info.plist; sourceTree = "<group>"; };
		A2C9B50221471BE100634344 /* EmeraldComponents.framework */ = {isa = PBXFileReference; explicitFileType = wrapper.framework; path = EmeraldComponents.framework; sourceTree = BUILT_PRODUCTS_DIR; };
		A2C9B50721471D2500634344 /* InputMask.framework */ = {isa = PBXFileReference; explicitFileType = wrapper.framework; path = InputMask.framework; sourceTree = BUILT_PRODUCTS_DIR; };
		A2C9B50921471D2500634344 /* JTAppleCalendar.framework */ = {isa = PBXFileReference; explicitFileType = wrapper.framework; path = JTAppleCalendar.framework; sourceTree = BUILT_PRODUCTS_DIR; };
		A2E64BB921503DFF00FD1937 /* AttachmentHelper.swift */ = {isa = PBXFileReference; lastKnownFileType = sourcecode.swift; path = AttachmentHelper.swift; sourceTree = "<group>"; };
		A2E64BBF21516E0000FD1937 /* SnapshotHelper.swift */ = {isa = PBXFileReference; fileEncoding = 4; lastKnownFileType = sourcecode.swift; path = SnapshotHelper.swift; sourceTree = "<group>"; };
		A2F251F12176752500D148C2 /* String.swift */ = {isa = PBXFileReference; lastKnownFileType = sourcecode.swift; path = String.swift; sourceTree = "<group>"; };
		A8D8C2A8E22C37461D95D5BA /* Pods-EmeraldComponentsApp.release.xcconfig */ = {isa = PBXFileReference; includeInIndex = 1; lastKnownFileType = text.xcconfig; name = "Pods-EmeraldComponentsApp.release.xcconfig"; path = "Pods/Target Support Files/Pods-EmeraldComponentsApp/Pods-EmeraldComponentsApp.release.xcconfig"; sourceTree = "<group>"; };
		DE64AE8E525A508B4A594ADD /* Pods-EmeraldComponentsApp.debug.xcconfig */ = {isa = PBXFileReference; includeInIndex = 1; lastKnownFileType = text.xcconfig; name = "Pods-EmeraldComponentsApp.debug.xcconfig"; path = "Pods/Target Support Files/Pods-EmeraldComponentsApp/Pods-EmeraldComponentsApp.debug.xcconfig"; sourceTree = "<group>"; };
		F1203AFC02E5345E3D5C52B6 /* Pods-EmeraldComponentsAppUITests.release.xcconfig */ = {isa = PBXFileReference; includeInIndex = 1; lastKnownFileType = text.xcconfig; name = "Pods-EmeraldComponentsAppUITests.release.xcconfig"; path = "Pods/Target Support Files/Pods-EmeraldComponentsAppUITests/Pods-EmeraldComponentsAppUITests.release.xcconfig"; sourceTree = "<group>"; };
/* End PBXFileReference section */

/* Begin PBXFrameworksBuildPhase section */
		A234139B21471174009DC2FC /* Frameworks */ = {
			isa = PBXFrameworksBuildPhase;
			buildActionMask = 2147483647;
			files = (
				19DF0A0C511C7130557B3BFC /* Pods_EmeraldComponentsApp.framework in Frameworks */,
			);
			runOnlyForDeploymentPostprocessing = 0;
		};
		A2C9B4F521471B1700634344 /* Frameworks */ = {
			isa = PBXFrameworksBuildPhase;
			buildActionMask = 2147483647;
			files = (
				6D5C74CD06C433383778EA4C /* Pods_EmeraldComponentsAppUITests.framework in Frameworks */,
			);
			runOnlyForDeploymentPostprocessing = 0;
		};
/* End PBXFrameworksBuildPhase section */

/* Begin PBXGroup section */
		A21963F4218104EB0038450D /* Label */ = {
			isa = PBXGroup;
			children = (
				A21963F52181050A0038450D /* LabelUITests.swift */,
			);
			path = Label;
			sourceTree = "<group>";
		};
		A234139521471174009DC2FC = {
			isa = PBXGroup;
			children = (
				A23413C12147122A009DC2FC /* EmeraldComponentsApp */,
				A2C9B4F921471B1700634344 /* EmeraldComponentsAppUITests */,
				A234139F21471174009DC2FC /* Products */,
				A2C9B4F12147174500634344 /* Frameworks */,
				AF2F86C61EEF66086542ACA5 /* Pods */,
			);
			sourceTree = "<group>";
		};
		A234139F21471174009DC2FC /* Products */ = {
			isa = PBXGroup;
			children = (
				A234139E21471174009DC2FC /* EmeraldComponentsApp.app */,
				A2C9B4F821471B1700634344 /* EmeraldComponentsAppUITests.xctest */,
			);
			name = Products;
			sourceTree = "<group>";
		};
		A23413C12147122A009DC2FC /* EmeraldComponentsApp */ = {
			isa = PBXGroup;
			children = (
				A23413CA2147122A009DC2FC /* MainViewController.swift */,
				A23413CB2147122A009DC2FC /* Main.storyboard */,
				A23E8AE32148695F00933AC1 /* Commons */,
				A23E8AF02149AB8C00933AC1 /* Components */,
				A23413C22147122A009DC2FC /* Supporting Files */,
			);
			path = EmeraldComponentsApp;
			sourceTree = "<group>";
		};
		A23413C22147122A009DC2FC /* Supporting Files */ = {
			isa = PBXGroup;
			children = (
				A23413C32147122A009DC2FC /* Assets.xcassets */,
				A23413C42147122A009DC2FC /* LaunchScreen.storyboard */,
				A23413C82147122A009DC2FC /* AppDelegate.swift */,
				A23413C92147122A009DC2FC /* Info.plist */,
			);
			path = "Supporting Files";
			sourceTree = "<group>";
		};
		A23413CE2147122A009DC2FC /* Buttons */ = {
			isa = PBXGroup;
			children = (
				A23413CF2147122A009DC2FC /* Buttons.storyboard */,
			);
			path = Buttons;
			sourceTree = "<group>";
		};
		A23413D32147122A009DC2FC /* Input */ = {
			isa = PBXGroup;
			children = (
				A23413D42147122A009DC2FC /* InputTableViewController.swift */,
				A23413D52147122A009DC2FC /* Input.storyboard */,
			);
			path = Input;
			sourceTree = "<group>";
		};
		A23413D62147122A009DC2FC /* Picker */ = {
			isa = PBXGroup;
			children = (
				A23413D82147122A009DC2FC /* PickerView.storyboard */,
				A23E8AE1214868C600933AC1 /* PickerTableViewController.swift */,
			);
			path = Picker;
			sourceTree = "<group>";
		};
		A23E8AC42147F7BA00933AC1 /* Components */ = {
			isa = PBXGroup;
			children = (
				A23E8AEC2149AA5900933AC1 /* DateRangePickerView */,
				A23E8AC72148375700933AC1 /* Inputs */,
				A21963F4218104EB0038450D /* Label */,
				A23E8ADA2148637800933AC1 /* Picker */,
			);
			path = Components;
			sourceTree = "<group>";
		};
		A23E8AC72148375700933AC1 /* Inputs */ = {
			isa = PBXGroup;
			children = (
				A2C9B4FA21471B1700634344 /* InputUITests.swift */,
				A23E8AD821485BC800933AC1 /* InputUITests+Disabled.swift */,
				A23E8AD62148527000933AC1 /* InputUITests+Password.swift */,
				A23E8ACA21483A5F00933AC1 /* InputUITests+CPF.swift */,
				A23E8AC82148377C00933AC1 /* InputUITests+CNPJ.swift */,
				A23E8AD421484C9D00933AC1 /* InputUITests+Email.swift */,
				A23E8ACC2148407000933AC1 /* InputUITests+Phone.swift */,
				A23E8ACE2148440D00933AC1 /* InputUITests+CEP.swift */,
				A23E8AD221484AE000933AC1 /* InputUITests+Currency.swift */,
				A23E8AD02148452900933AC1 /* InputUITests+Custom.swift */,
			);
			path = Inputs;
			sourceTree = "<group>";
		};
		A23E8ADA2148637800933AC1 /* Picker */ = {
			isa = PBXGroup;
			children = (
				A23E8ADB214863A500933AC1 /* PickerUITests.swift */,
			);
			path = Picker;
			sourceTree = "<group>";
		};
		A23E8AE32148695F00933AC1 /* Commons */ = {
			isa = PBXGroup;
			children = (
				A23E8AE42148696F00933AC1 /* PickerData.swift */,
			);
			path = Commons;
			sourceTree = "<group>";
		};
		A23E8AEC2149AA5900933AC1 /* DateRangePickerView */ = {
			isa = PBXGroup;
			children = (
				A23E8AED2149AA8A00933AC1 /* DateRangePickerViewUITests.swift */,
				A23E8AEA2149A97C00933AC1 /* DateRangePickerViewUITests+RangeViewToday.swift */,
			);
			path = DateRangePickerView;
			sourceTree = "<group>";
		};
		A23E8AF02149AB8C00933AC1 /* Components */ = {
			isa = PBXGroup;
			children = (
				A24765FE21B9A8D200C8E241 /* Card */,
				A23E8AF12149AC0500933AC1 /* DateRangePickerView */,
				A2C95316217E5096000073E2 /* Label */,
				A23413CE2147122A009DC2FC /* Buttons */,
				A23413D32147122A009DC2FC /* Input */,
				A23413D62147122A009DC2FC /* Picker */,
			);
			path = Components;
			sourceTree = "<group>";
		};
		A23E8AF12149AC0500933AC1 /* DateRangePickerView */ = {
			isa = PBXGroup;
			children = (
				A23E8AF22149AC5C00933AC1 /* DateRangePickerView.storyboard */,
				A23E8AF42149ACBC00933AC1 /* DateRangePickerTableViewController.swift */,
			);
			path = DateRangePickerView;
			sourceTree = "<group>";
		};
		A24765FE21B9A8D200C8E241 /* Card */ = {
			isa = PBXGroup;
			children = (
				A247661921BB0BE000C8E241 /* Custom */,
				A247661121BACB8300C8E241 /* Card.storyboard */,
				A247661721BAF5BE00C8E241 /* CardViewController.swift */,
			);
			path = Card;
			sourceTree = "<group>";
		};
		A247661921BB0BE000C8E241 /* Custom */ = {
			isa = PBXGroup;
			children = (
				A24C272421BFD1A500B65722 /* CustomEqualsCollectionViewCell.swift */,
				A24C272521BFD1A500B65722 /* CustomEqualsCollectionViewCell.xib */,
				A247661A21BB0C0000C8E241 /* CustomStoneCollectionViewCell.swift */,
				A247661B21BB0C0000C8E241 /* CustomStoneCollectionViewCell.xib */,
			);
			path = Custom;
			sourceTree = "<group>";
		};
		A2C95316217E5096000073E2 /* Label */ = {
			isa = PBXGroup;
			children = (
				A2C95317217E50C0000073E2 /* Label.storyboard */,
				A2C9531D217F6E25000073E2 /* LabelTableViewController.swift */,
			);
			path = Label;
			sourceTree = "<group>";
		};
		A2C9B4F12147174500634344 /* Frameworks */ = {
			isa = PBXGroup;
			children = (
				A2C9B50721471D2500634344 /* InputMask.framework */,
				A2C9B50921471D2500634344 /* JTAppleCalendar.framework */,
				A2C9B50221471BE100634344 /* EmeraldComponents.framework */,
				13A51CF00BDB2ED87A99A7C8 /* Pods_EmeraldComponentsApp.framework */,
				24ED46B5567A3B442E3D000F /* Pods_EmeraldComponentsAppUITests.framework */,
			);
			name = Frameworks;
			sourceTree = "<group>";
		};
		A2C9B4F921471B1700634344 /* EmeraldComponentsAppUITests */ = {
			isa = PBXGroup;
			children = (
				A2C9B4FC21471B1700634344 /* Info.plist */,
				A23E8AC42147F7BA00933AC1 /* Components */,
				A2F251F02176751700D148C2 /* Extensions */,
				A2E64BB821503DE300FD1937 /* Helpers */,
			);
			path = EmeraldComponentsAppUITests;
			sourceTree = "<group>";
		};
		A2E64BB821503DE300FD1937 /* Helpers */ = {
			isa = PBXGroup;
			children = (
				A2E64BBF21516E0000FD1937 /* SnapshotHelper.swift */,
				A2E64BB921503DFF00FD1937 /* AttachmentHelper.swift */,
			);
			path = Helpers;
			sourceTree = "<group>";
		};
		A2F251F02176751700D148C2 /* Extensions */ = {
			isa = PBXGroup;
			children = (
				A2F251F12176752500D148C2 /* String.swift */,
			);
			path = Extensions;
			sourceTree = "<group>";
		};
		AF2F86C61EEF66086542ACA5 /* Pods */ = {
			isa = PBXGroup;
			children = (
				DE64AE8E525A508B4A594ADD /* Pods-EmeraldComponentsApp.debug.xcconfig */,
				A8D8C2A8E22C37461D95D5BA /* Pods-EmeraldComponentsApp.release.xcconfig */,
				1036147BA2A93846EE5865F9 /* Pods-EmeraldComponentsAppUITests.debug.xcconfig */,
				F1203AFC02E5345E3D5C52B6 /* Pods-EmeraldComponentsAppUITests.release.xcconfig */,
			);
			name = Pods;
			sourceTree = "<group>";
		};
/* End PBXGroup section */

/* Begin PBXNativeTarget section */
		A234139D21471174009DC2FC /* EmeraldComponentsApp */ = {
			isa = PBXNativeTarget;
			buildConfigurationList = A23413BB21471177009DC2FC /* Build configuration list for PBXNativeTarget "EmeraldComponentsApp" */;
			buildPhases = (
				F3D14017D24BFE4D68FA1098 /* [CP] Check Pods Manifest.lock */,
				A234139A21471174009DC2FC /* Sources */,
				A234139B21471174009DC2FC /* Frameworks */,
				A234139C21471174009DC2FC /* Resources */,
				B059FF0ACBC5D332052DF638 /* [CP] Embed Pods Frameworks */,
			);
			buildRules = (
			);
			dependencies = (
			);
			name = EmeraldComponentsApp;
			productName = EmeraldComponentsApp;
			productReference = A234139E21471174009DC2FC /* EmeraldComponentsApp.app */;
			productType = "com.apple.product-type.application";
		};
		A2C9B4F721471B1700634344 /* EmeraldComponentsAppUITests */ = {
			isa = PBXNativeTarget;
			buildConfigurationList = A2C9B4FF21471B1700634344 /* Build configuration list for PBXNativeTarget "EmeraldComponentsAppUITests" */;
			buildPhases = (
				1A80090D369F01A245182CC1 /* [CP] Check Pods Manifest.lock */,
				A2C9B4F421471B1700634344 /* Sources */,
				A2C9B4F521471B1700634344 /* Frameworks */,
				A2C9B4F621471B1700634344 /* Resources */,
			);
			buildRules = (
			);
			dependencies = (
				A2C9B4FE21471B1700634344 /* PBXTargetDependency */,
			);
			name = EmeraldComponentsAppUITests;
			productName = EmeraldComponentsAppUITests;
			productReference = A2C9B4F821471B1700634344 /* EmeraldComponentsAppUITests.xctest */;
			productType = "com.apple.product-type.bundle.ui-testing";
		};
/* End PBXNativeTarget section */

/* Begin PBXProject section */
		A234139621471174009DC2FC /* Project object */ = {
			isa = PBXProject;
			attributes = {
				LastSwiftUpdateCheck = 0940;
				LastUpgradeCheck = 1000;
				ORGANIZATIONNAME = StoneCo;
				TargetAttributes = {
					A234139D21471174009DC2FC = {
						CreatedOnToolsVersion = 9.4.1;
						LastSwiftMigration = 1000;
					};
					A2C9B4F721471B1700634344 = {
						CreatedOnToolsVersion = 9.4.1;
						LastSwiftMigration = 1000;
						TestTargetID = A234139D21471174009DC2FC;
					};
				};
			};
			buildConfigurationList = A234139921471174009DC2FC /* Build configuration list for PBXProject "EmeraldComponentsApp" */;
			compatibilityVersion = "Xcode 9.3";
			developmentRegion = en;
			hasScannedForEncodings = 0;
			knownRegions = (
				en,
				Base,
				"pt-BR",
			);
			mainGroup = A234139521471174009DC2FC;
			productRefGroup = A234139F21471174009DC2FC /* Products */;
			projectDirPath = "";
			projectRoot = "";
			targets = (
				A234139D21471174009DC2FC /* EmeraldComponentsApp */,
				A2C9B4F721471B1700634344 /* EmeraldComponentsAppUITests */,
			);
		};
/* End PBXProject section */

/* Begin PBXResourcesBuildPhase section */
		A234139C21471174009DC2FC /* Resources */ = {
			isa = PBXResourcesBuildPhase;
			buildActionMask = 2147483647;
			files = (
				A23413E22147122A009DC2FC /* Buttons.storyboard in Resources */,
				A23413E12147122A009DC2FC /* Main.storyboard in Resources */,
				A23E8AF32149AC5C00933AC1 /* DateRangePickerView.storyboard in Resources */,
				A247661D21BB0C0000C8E241 /* CustomStoneCollectionViewCell.xib in Resources */,
				A2C95318217E50C0000073E2 /* Label.storyboard in Resources */,
				A23413DB2147122A009DC2FC /* Assets.xcassets in Resources */,
				A23413DC2147122A009DC2FC /* LaunchScreen.storyboard in Resources */,
				A23413E82147122A009DC2FC /* PickerView.storyboard in Resources */,
				A23413E62147122A009DC2FC /* Input.storyboard in Resources */,
				A247661221BACB8300C8E241 /* Card.storyboard in Resources */,
				A24C272721BFD1A600B65722 /* CustomEqualsCollectionViewCell.xib in Resources */,
			);
			runOnlyForDeploymentPostprocessing = 0;
		};
		A2C9B4F621471B1700634344 /* Resources */ = {
			isa = PBXResourcesBuildPhase;
			buildActionMask = 2147483647;
			files = (
			);
			runOnlyForDeploymentPostprocessing = 0;
		};
/* End PBXResourcesBuildPhase section */

/* Begin PBXShellScriptBuildPhase section */
		1A80090D369F01A245182CC1 /* [CP] Check Pods Manifest.lock */ = {
			isa = PBXShellScriptBuildPhase;
			buildActionMask = 2147483647;
			files = (
			);
			inputFileListPaths = (
			);
			inputPaths = (
				"${PODS_PODFILE_DIR_PATH}/Podfile.lock",
				"${PODS_ROOT}/Manifest.lock",
			);
			name = "[CP] Check Pods Manifest.lock";
			outputFileListPaths = (
			);
			outputPaths = (
				"$(DERIVED_FILE_DIR)/Pods-EmeraldComponentsAppUITests-checkManifestLockResult.txt",
			);
			runOnlyForDeploymentPostprocessing = 0;
			shellPath = /bin/sh;
			shellScript = "diff \"${PODS_PODFILE_DIR_PATH}/Podfile.lock\" \"${PODS_ROOT}/Manifest.lock\" > /dev/null\nif [ $? != 0 ] ; then\n    # print error to STDERR\n    echo \"error: The sandbox is not in sync with the Podfile.lock. Run 'pod install' or update your CocoaPods installation.\" >&2\n    exit 1\nfi\n# This output is used by Xcode 'outputs' to avoid re-running this script phase.\necho \"SUCCESS\" > \"${SCRIPT_OUTPUT_FILE_0}\"\n";
			showEnvVarsInLog = 0;
		};
		B059FF0ACBC5D332052DF638 /* [CP] Embed Pods Frameworks */ = {
			isa = PBXShellScriptBuildPhase;
			buildActionMask = 2147483647;
			files = (
			);
			inputFileListPaths = (
			);
			inputPaths = (
				"${SRCROOT}/Pods/Target Support Files/Pods-EmeraldComponentsApp/Pods-EmeraldComponentsApp-frameworks.sh",
				"${BUILT_PRODUCTS_DIR}/EmeraldComponents/EmeraldComponents.framework",
				"${BUILT_PRODUCTS_DIR}/InputMask/InputMask.framework",
				"${BUILT_PRODUCTS_DIR}/JTAppleCalendar/JTAppleCalendar.framework",
			);
			name = "[CP] Embed Pods Frameworks";
			outputFileListPaths = (
			);
			outputPaths = (
				"${TARGET_BUILD_DIR}/${FRAMEWORKS_FOLDER_PATH}/EmeraldComponents.framework",
				"${TARGET_BUILD_DIR}/${FRAMEWORKS_FOLDER_PATH}/InputMask.framework",
				"${TARGET_BUILD_DIR}/${FRAMEWORKS_FOLDER_PATH}/JTAppleCalendar.framework",
			);
			runOnlyForDeploymentPostprocessing = 0;
			shellPath = /bin/sh;
			shellScript = "\"${SRCROOT}/Pods/Target Support Files/Pods-EmeraldComponentsApp/Pods-EmeraldComponentsApp-frameworks.sh\"\n";
			showEnvVarsInLog = 0;
		};
		F3D14017D24BFE4D68FA1098 /* [CP] Check Pods Manifest.lock */ = {
			isa = PBXShellScriptBuildPhase;
			buildActionMask = 2147483647;
			files = (
			);
			inputFileListPaths = (
			);
			inputPaths = (
				"${PODS_PODFILE_DIR_PATH}/Podfile.lock",
				"${PODS_ROOT}/Manifest.lock",
			);
			name = "[CP] Check Pods Manifest.lock";
			outputFileListPaths = (
			);
			outputPaths = (
				"$(DERIVED_FILE_DIR)/Pods-EmeraldComponentsApp-checkManifestLockResult.txt",
			);
			runOnlyForDeploymentPostprocessing = 0;
			shellPath = /bin/sh;
			shellScript = "diff \"${PODS_PODFILE_DIR_PATH}/Podfile.lock\" \"${PODS_ROOT}/Manifest.lock\" > /dev/null\nif [ $? != 0 ] ; then\n    # print error to STDERR\n    echo \"error: The sandbox is not in sync with the Podfile.lock. Run 'pod install' or update your CocoaPods installation.\" >&2\n    exit 1\nfi\n# This output is used by Xcode 'outputs' to avoid re-running this script phase.\necho \"SUCCESS\" > \"${SCRIPT_OUTPUT_FILE_0}\"\n";
			showEnvVarsInLog = 0;
		};
/* End PBXShellScriptBuildPhase section */

/* Begin PBXSourcesBuildPhase section */
		A234139A21471174009DC2FC /* Sources */ = {
			isa = PBXSourcesBuildPhase;
			buildActionMask = 2147483647;
			files = (
				A23413E52147122A009DC2FC /* InputTableViewController.swift in Sources */,
				A247661C21BB0C0000C8E241 /* CustomStoneCollectionViewCell.swift in Sources */,
				A23E8AF52149ACBC00933AC1 /* DateRangePickerTableViewController.swift in Sources */,
				A2C9531E217F6E25000073E2 /* LabelTableViewController.swift in Sources */,
				A23413DE2147122A009DC2FC /* AppDelegate.swift in Sources */,
				A247661821BAF5BE00C8E241 /* CardViewController.swift in Sources */,
				A23E8AE52148696F00933AC1 /* PickerData.swift in Sources */,
				A23413E02147122A009DC2FC /* MainViewController.swift in Sources */,
				A24C272621BFD1A600B65722 /* CustomEqualsCollectionViewCell.swift in Sources */,
				A23E8AE2214868C600933AC1 /* PickerTableViewController.swift in Sources */,
			);
			runOnlyForDeploymentPostprocessing = 0;
		};
		A2C9B4F421471B1700634344 /* Sources */ = {
			isa = PBXSourcesBuildPhase;
			buildActionMask = 2147483647;
			files = (
				A21963F62181050A0038450D /* LabelUITests.swift in Sources */,
				A23E8ACF2148440D00933AC1 /* InputUITests+CEP.swift in Sources */,
				A23E8AD72148527000933AC1 /* InputUITests+Password.swift in Sources */,
				A2F251F22176752500D148C2 /* String.swift in Sources */,
				A23E8AEE2149AA8A00933AC1 /* DateRangePickerViewUITests.swift in Sources */,
				A23E8AD921485BC800933AC1 /* InputUITests+Disabled.swift in Sources */,
				A2C9B4FB21471B1700634344 /* InputUITests.swift in Sources */,
				A23E8ACD2148407000933AC1 /* InputUITests+Phone.swift in Sources */,
				A23E8AEB2149A97C00933AC1 /* DateRangePickerViewUITests+RangeViewToday.swift in Sources */,
				A23E8AD321484AE000933AC1 /* InputUITests+Currency.swift in Sources */,
				A23E8ADC214863A500933AC1 /* PickerUITests.swift in Sources */,
				A23E8ACB21483A5F00933AC1 /* InputUITests+CPF.swift in Sources */,
				A23E8AC92148377C00933AC1 /* InputUITests+CNPJ.swift in Sources */,
				A2E64BBA21503DFF00FD1937 /* AttachmentHelper.swift in Sources */,
				A23E8AD12148452900933AC1 /* InputUITests+Custom.swift in Sources */,
				A23E8AD521484C9D00933AC1 /* InputUITests+Email.swift in Sources */,
				A2E64BC021516E0000FD1937 /* SnapshotHelper.swift in Sources */,
			);
			runOnlyForDeploymentPostprocessing = 0;
		};
/* End PBXSourcesBuildPhase section */

/* Begin PBXTargetDependency section */
		A2C9B4FE21471B1700634344 /* PBXTargetDependency */ = {
			isa = PBXTargetDependency;
			target = A234139D21471174009DC2FC /* EmeraldComponentsApp */;
			targetProxy = A2C9B4FD21471B1700634344 /* PBXContainerItemProxy */;
		};
/* End PBXTargetDependency section */

/* Begin PBXVariantGroup section */
		A23413C42147122A009DC2FC /* LaunchScreen.storyboard */ = {
			isa = PBXVariantGroup;
			children = (
				A23413C52147122A009DC2FC /* Base */,
			);
			name = LaunchScreen.storyboard;
			sourceTree = "<group>";
		};
		A23413CB2147122A009DC2FC /* Main.storyboard */ = {
			isa = PBXVariantGroup;
			children = (
				A23413CC2147122A009DC2FC /* Base */,
			);
			name = Main.storyboard;
			sourceTree = "<group>";
		};
/* End PBXVariantGroup section */

/* Begin XCBuildConfiguration section */
		A23413B921471177009DC2FC /* Debug */ = {
			isa = XCBuildConfiguration;
			buildSettings = {
				ALWAYS_SEARCH_USER_PATHS = NO;
				CLANG_ANALYZER_LOCALIZABILITY_NONLOCALIZED = YES;
				CLANG_ANALYZER_NONNULL = YES;
				CLANG_ANALYZER_NUMBER_OBJECT_CONVERSION = YES_AGGRESSIVE;
				CLANG_CXX_LANGUAGE_STANDARD = "gnu++14";
				CLANG_CXX_LIBRARY = "libc++";
				CLANG_ENABLE_MODULES = YES;
				CLANG_ENABLE_OBJC_ARC = YES;
				CLANG_ENABLE_OBJC_WEAK = YES;
				CLANG_WARN_BLOCK_CAPTURE_AUTORELEASING = YES;
				CLANG_WARN_BOOL_CONVERSION = YES;
				CLANG_WARN_COMMA = YES;
				CLANG_WARN_CONSTANT_CONVERSION = YES;
				CLANG_WARN_DEPRECATED_OBJC_IMPLEMENTATIONS = YES;
				CLANG_WARN_DIRECT_OBJC_ISA_USAGE = YES_ERROR;
				CLANG_WARN_DOCUMENTATION_COMMENTS = YES;
				CLANG_WARN_EMPTY_BODY = YES;
				CLANG_WARN_ENUM_CONVERSION = YES;
				CLANG_WARN_INFINITE_RECURSION = YES;
				CLANG_WARN_INT_CONVERSION = YES;
				CLANG_WARN_NON_LITERAL_NULL_CONVERSION = YES;
				CLANG_WARN_OBJC_IMPLICIT_RETAIN_SELF = YES;
				CLANG_WARN_OBJC_LITERAL_CONVERSION = YES;
				CLANG_WARN_OBJC_ROOT_CLASS = YES_ERROR;
				CLANG_WARN_RANGE_LOOP_ANALYSIS = YES;
				CLANG_WARN_STRICT_PROTOTYPES = YES;
				CLANG_WARN_SUSPICIOUS_MOVE = YES;
				CLANG_WARN_UNGUARDED_AVAILABILITY = YES_AGGRESSIVE;
				CLANG_WARN_UNREACHABLE_CODE = YES;
				CLANG_WARN__DUPLICATE_METHOD_MATCH = YES;
				CODE_SIGN_IDENTITY = "iPhone Developer";
				COPY_PHASE_STRIP = NO;
				DEBUG_INFORMATION_FORMAT = dwarf;
				ENABLE_STRICT_OBJC_MSGSEND = YES;
				ENABLE_TESTABILITY = YES;
				GCC_C_LANGUAGE_STANDARD = gnu11;
				GCC_DYNAMIC_NO_PIC = NO;
				GCC_NO_COMMON_BLOCKS = YES;
				GCC_OPTIMIZATION_LEVEL = 0;
				GCC_PREPROCESSOR_DEFINITIONS = (
					"DEBUG=1",
					"$(inherited)",
				);
				GCC_WARN_64_TO_32_BIT_CONVERSION = YES;
				GCC_WARN_ABOUT_RETURN_TYPE = YES_ERROR;
				GCC_WARN_UNDECLARED_SELECTOR = YES;
				GCC_WARN_UNINITIALIZED_AUTOS = YES_AGGRESSIVE;
				GCC_WARN_UNUSED_FUNCTION = YES;
				GCC_WARN_UNUSED_VARIABLE = YES;
				IPHONEOS_DEPLOYMENT_TARGET = 11.4;
				MTL_ENABLE_DEBUG_INFO = YES;
				ONLY_ACTIVE_ARCH = YES;
				SDKROOT = iphoneos;
				SWIFT_ACTIVE_COMPILATION_CONDITIONS = DEBUG;
				SWIFT_OPTIMIZATION_LEVEL = "-Onone";
			};
			name = Debug;
		};
		A23413BA21471177009DC2FC /* Release */ = {
			isa = XCBuildConfiguration;
			buildSettings = {
				ALWAYS_SEARCH_USER_PATHS = NO;
				CLANG_ANALYZER_LOCALIZABILITY_NONLOCALIZED = YES;
				CLANG_ANALYZER_NONNULL = YES;
				CLANG_ANALYZER_NUMBER_OBJECT_CONVERSION = YES_AGGRESSIVE;
				CLANG_CXX_LANGUAGE_STANDARD = "gnu++14";
				CLANG_CXX_LIBRARY = "libc++";
				CLANG_ENABLE_MODULES = YES;
				CLANG_ENABLE_OBJC_ARC = YES;
				CLANG_ENABLE_OBJC_WEAK = YES;
				CLANG_WARN_BLOCK_CAPTURE_AUTORELEASING = YES;
				CLANG_WARN_BOOL_CONVERSION = YES;
				CLANG_WARN_COMMA = YES;
				CLANG_WARN_CONSTANT_CONVERSION = YES;
				CLANG_WARN_DEPRECATED_OBJC_IMPLEMENTATIONS = YES;
				CLANG_WARN_DIRECT_OBJC_ISA_USAGE = YES_ERROR;
				CLANG_WARN_DOCUMENTATION_COMMENTS = YES;
				CLANG_WARN_EMPTY_BODY = YES;
				CLANG_WARN_ENUM_CONVERSION = YES;
				CLANG_WARN_INFINITE_RECURSION = YES;
				CLANG_WARN_INT_CONVERSION = YES;
				CLANG_WARN_NON_LITERAL_NULL_CONVERSION = YES;
				CLANG_WARN_OBJC_IMPLICIT_RETAIN_SELF = YES;
				CLANG_WARN_OBJC_LITERAL_CONVERSION = YES;
				CLANG_WARN_OBJC_ROOT_CLASS = YES_ERROR;
				CLANG_WARN_RANGE_LOOP_ANALYSIS = YES;
				CLANG_WARN_STRICT_PROTOTYPES = YES;
				CLANG_WARN_SUSPICIOUS_MOVE = YES;
				CLANG_WARN_UNGUARDED_AVAILABILITY = YES_AGGRESSIVE;
				CLANG_WARN_UNREACHABLE_CODE = YES;
				CLANG_WARN__DUPLICATE_METHOD_MATCH = YES;
				CODE_SIGN_IDENTITY = "iPhone Developer";
				COPY_PHASE_STRIP = NO;
				DEBUG_INFORMATION_FORMAT = "dwarf-with-dsym";
				ENABLE_NS_ASSERTIONS = NO;
				ENABLE_STRICT_OBJC_MSGSEND = YES;
				GCC_C_LANGUAGE_STANDARD = gnu11;
				GCC_NO_COMMON_BLOCKS = YES;
				GCC_WARN_64_TO_32_BIT_CONVERSION = YES;
				GCC_WARN_ABOUT_RETURN_TYPE = YES_ERROR;
				GCC_WARN_UNDECLARED_SELECTOR = YES;
				GCC_WARN_UNINITIALIZED_AUTOS = YES_AGGRESSIVE;
				GCC_WARN_UNUSED_FUNCTION = YES;
				GCC_WARN_UNUSED_VARIABLE = YES;
				IPHONEOS_DEPLOYMENT_TARGET = 11.4;
				MTL_ENABLE_DEBUG_INFO = NO;
				SDKROOT = iphoneos;
				SWIFT_COMPILATION_MODE = wholemodule;
				SWIFT_OPTIMIZATION_LEVEL = "-O";
				VALIDATE_PRODUCT = YES;
			};
			name = Release;
		};
		A23413BC21471177009DC2FC /* Debug */ = {
			isa = XCBuildConfiguration;
			baseConfigurationReference = DE64AE8E525A508B4A594ADD /* Pods-EmeraldComponentsApp.debug.xcconfig */;
			buildSettings = {
				ASSETCATALOG_COMPILER_APPICON_NAME = AppIcon;
				CODE_SIGN_STYLE = Automatic;
				DEVELOPMENT_TEAM = 4BELNFV56M;
				INFOPLIST_FILE = "$(SRCROOT)/EmeraldComponentsApp/Supporting Files/Info.plist";
				LD_RUNPATH_SEARCH_PATHS = (
					"$(inherited)",
					"@executable_path/Frameworks",
				);
				PRODUCT_BUNDLE_IDENTIFIER = br.com.stone.EmeraldComponentsApp;
				PRODUCT_NAME = "$(TARGET_NAME)";
				SWIFT_VERSION = 4.2;
				TARGETED_DEVICE_FAMILY = "1,2";
			};
			name = Debug;
		};
		A23413BD21471177009DC2FC /* Release */ = {
			isa = XCBuildConfiguration;
			baseConfigurationReference = A8D8C2A8E22C37461D95D5BA /* Pods-EmeraldComponentsApp.release.xcconfig */;
			buildSettings = {
				ASSETCATALOG_COMPILER_APPICON_NAME = AppIcon;
				CODE_SIGN_STYLE = Automatic;
				DEVELOPMENT_TEAM = 4BELNFV56M;
				INFOPLIST_FILE = "$(SRCROOT)/EmeraldComponentsApp/Supporting Files/Info.plist";
				LD_RUNPATH_SEARCH_PATHS = (
					"$(inherited)",
					"@executable_path/Frameworks",
				);
				PRODUCT_BUNDLE_IDENTIFIER = br.com.stone.EmeraldComponentsApp;
				PRODUCT_NAME = "$(TARGET_NAME)";
				SWIFT_VERSION = 4.2;
				TARGETED_DEVICE_FAMILY = "1,2";
			};
			name = Release;
		};
		A2C9B50021471B1700634344 /* Debug */ = {
			isa = XCBuildConfiguration;
			baseConfigurationReference = 1036147BA2A93846EE5865F9 /* Pods-EmeraldComponentsAppUITests.debug.xcconfig */;
			buildSettings = {
				CODE_SIGN_STYLE = Automatic;
				DEVELOPMENT_TEAM = 4BELNFV56M;
				INFOPLIST_FILE = EmeraldComponentsAppUITests/Info.plist;
				LD_RUNPATH_SEARCH_PATHS = (
					"$(inherited)",
					"@executable_path/Frameworks",
					"@loader_path/Frameworks",
				);
				PRODUCT_BUNDLE_IDENTIFIER = br.com.stone.EmeraldComponentsAppUITests;
				PRODUCT_NAME = "$(TARGET_NAME)";
				SWIFT_VERSION = 4.2;
				TARGETED_DEVICE_FAMILY = "1,2";
				TEST_TARGET_NAME = EmeraldComponentsApp;
			};
			name = Debug;
		};
		A2C9B50121471B1700634344 /* Release */ = {
			isa = XCBuildConfiguration;
			baseConfigurationReference = F1203AFC02E5345E3D5C52B6 /* Pods-EmeraldComponentsAppUITests.release.xcconfig */;
			buildSettings = {
				CODE_SIGN_STYLE = Automatic;
				DEVELOPMENT_TEAM = 4BELNFV56M;
				INFOPLIST_FILE = EmeraldComponentsAppUITests/Info.plist;
				LD_RUNPATH_SEARCH_PATHS = (
					"$(inherited)",
					"@executable_path/Frameworks",
					"@loader_path/Frameworks",
				);
				PRODUCT_BUNDLE_IDENTIFIER = br.com.stone.EmeraldComponentsAppUITests;
				PRODUCT_NAME = "$(TARGET_NAME)";
				SWIFT_VERSION = 4.2;
				TARGETED_DEVICE_FAMILY = "1,2";
				TEST_TARGET_NAME = EmeraldComponentsApp;
			};
			name = Release;
		};
/* End XCBuildConfiguration section */

/* Begin XCConfigurationList section */
		A234139921471174009DC2FC /* Build configuration list for PBXProject "EmeraldComponentsApp" */ = {
			isa = XCConfigurationList;
			buildConfigurations = (
				A23413B921471177009DC2FC /* Debug */,
				A23413BA21471177009DC2FC /* Release */,
			);
			defaultConfigurationIsVisible = 0;
			defaultConfigurationName = Release;
		};
		A23413BB21471177009DC2FC /* Build configuration list for PBXNativeTarget "EmeraldComponentsApp" */ = {
			isa = XCConfigurationList;
			buildConfigurations = (
				A23413BC21471177009DC2FC /* Debug */,
				A23413BD21471177009DC2FC /* Release */,
			);
			defaultConfigurationIsVisible = 0;
			defaultConfigurationName = Release;
		};
		A2C9B4FF21471B1700634344 /* Build configuration list for PBXNativeTarget "EmeraldComponentsAppUITests" */ = {
			isa = XCConfigurationList;
			buildConfigurations = (
				A2C9B50021471B1700634344 /* Debug */,
				A2C9B50121471B1700634344 /* Release */,
			);
			defaultConfigurationIsVisible = 0;
			defaultConfigurationName = Release;
		};
/* End XCConfigurationList section */
	};
	rootObject = A234139621471174009DC2FC /* Project object */;
}
